<?xml version="1.0" encoding="utf-8"?>
<Project ToolsVersion="4.0" xmlns="http://schemas.microsoft.com/developer/msbuild/2003">
  <ItemGroup>
    <Filter Include="App">
      <UniqueIdentifier>{4FC737F1-C7A5-4376-A066-2A32D752A2FF}</UniqueIdentifier>
      <Extensions>cpp;c;cc;cxx;c++;cppm;ixx;def;odl;idl;hpj;bat;asm;asmx</Extensions>
    </Filter>
    <Filter Include="Domain">
      <UniqueIdentifier>{67DA6AB6-F800-4c08-8B7A-83BB121AAD01}</UniqueIdentifier>
      <Extensions>rc;ico;cur;bmp;dlg;rc2;rct;bin;rgs;gif;jpg;jpeg;jpe;resx;tiff;tif;png;wav;mfcribbon-ms</Extensions>
    </Filter>
    <Filter Include="Presenter">
      <UniqueIdentifier>{93995380-89BD-4b04-88EB-625FBE52EBFB}</UniqueIdentifier>
      <Extensions>h;hh;hpp;hxx;h++;hm;inl;inc;ipp;xsd</Extensions>
    </Filter>
    <Filter Include="Domain\Vendedor">
      <UniqueIdentifier>{4a9386fd-ddd6-4753-a59a-21618686144e}</UniqueIdentifier>
    </Filter>
    <Filter Include="Domain\Cotizacion">
      <UniqueIdentifier>{dc5163b7-3ba0-49c6-b105-ba47be1cb2d7}</UniqueIdentifier>
    </Filter>
    <Filter Include="Domain\Tienda">
      <UniqueIdentifier>{bf27f372-3463-42d2-910b-cd4c461c7576}</UniqueIdentifier>
    </Filter>
    <Filter Include="Domain\Prendas">
      <UniqueIdentifier>{5b34886d-7ba4-4955-9b1f-716b43df807c}</UniqueIdentifier>
    </Filter>
    <Filter Include="Domain\Prendas\TipoPrendas">
      <UniqueIdentifier>{ba902ef0-ad43-4293-80db-26145da12bd7}</UniqueIdentifier>
    </Filter>
    <Filter Include="View">
      <UniqueIdentifier>{2b7479f9-400a-4970-b3ec-145a098d1f88}</UniqueIdentifier>
    </Filter>
    <Filter Include="Domain\Prendas\TipoPrendas\Camisa">
      <UniqueIdentifier>{ab1dda79-35a8-4ce9-b1c4-5e3319ea83d7}</UniqueIdentifier>
    </Filter>
    <Filter Include="Domain\Prendas\TipoPrendas\Pantalon">
      <UniqueIdentifier>{fe096290-66e6-4ace-b34b-9b00c6fb894b}</UniqueIdentifier>
    </Filter>
  </ItemGroup>
  <ItemGroup>
    <ClCompile Include="Vendedor.cpp">
      <Filter>Domain\Vendedor</Filter>
    </ClCompile>
    <ClCompile Include="Cotizacion.cpp">
      <Filter>Domain\Cotizacion</Filter>
    </ClCompile>
    <ClCompile Include="Tienda.cpp">
      <Filter>Domain\Tienda</Filter>
    </ClCompile>
    <ClCompile Include="Main.cpp">
      <Filter>App</Filter>
    </ClCompile>
    <ClCompile Include="Prenda.cpp">
      <Filter>Domain\Prendas</Filter>
    </ClCompile>
    <ClCompile Include="Camisa.cpp">
      <Filter>Domain\Prendas\TipoPrendas\Camisa</Filter>
    </ClCompile>
    <ClCompile Include="Pantalon.cpp">
      <Filter>Domain\Prendas\TipoPrendas\Pantalon</Filter>
    </ClCompile>
  </ItemGroup>
  <ItemGroup>
    <ClInclude Include="Vendedor.h">
      <Filter>Domain\Vendedor</Filter>
    </ClInclude>
    <ClInclude Include="resource.h">
      <Filter>Presenter</Filter>
    </ClInclude>
    <ClInclude Include="tienda.h">
      <Filter>Domain\Tienda</Filter>
    </ClInclude>
    <ClInclude Include="Cotizacion.h">
      <Filter>Domain\Cotizacion</Filter>
    </ClInclude>
    <ClInclude Include="Prenda.h">
      <Filter>Domain\Prendas</Filter>
    </ClInclude>
    <ClInclude Include="Camisa.h">
      <Filter>Domain\Prendas\TipoPrendas\Camisa</Filter>
    </ClInclude>
    <ClInclude Include="Pantalon.h">
      <Filter>Domain\Prendas\TipoPrendas\Pantalon</Filter>
    </ClInclude>
  </ItemGroup>
  <ItemGroup>
    <ResourceCompile Include="Tienda.rc">
      <Filter>Domain</Filter>
    </ResourceCompile>
  </ItemGroup>
</Project>